Microsoft Visual Studio Solution File, Format Version 12.00
# Visual Studio Version 17
VisualStudioVersion = 17.7.34202.233
MinimumVisualStudioVersion = 10.0.40219.1
Project("{9A19103F-16F7-4668-BE54-9A1E7A4F7556}") = "Structure.Sketching", "Structure.Sketching\Structure.Sketching.csproj", "{5015FCD4-4171-4BE1-82D9-8D0884A8B952}"
EndProject
Project("{2150E333-8FDC-42A3-9474-1A3956D46DE8}") = "Tests", "Tests", "{856069D5-295C-4318-BFCF-3A3B5B5114FB}"
EndProject
Project("{9A19103F-16F7-4668-BE54-9A1E7A4F7556}") = "Structure.Sketching.Tests", "Structure.Sketching.Tests\Structure.Sketching.Tests.csproj", "{D4A62377-7297-4C51-BC2B-F12C7CA4745D}"
EndProject
Project("{9A19103F-16F7-4668-BE54-9A1E7A4F7556}") = "Structure.Sketching.Benchmarks", "Structure.Sketching.Benchmarks\Structure.Sketching.Benchmarks.csproj", "{833D8FC0-BF52-477D-B44C-F6A4083AA076}"
EndProject
Project("{2150E333-8FDC-42A3-9474-1A3956D46DE8}") = "Solution Items", "Solution Items", "{677AD036-CCEB-4B5B-BA44-D267B9DE25BD}"
	ProjectSection(SolutionItems) = preProject
		.gitignore = .gitignore
		appveyor.yml = appveyor.yml
		LICENSE = LICENSE
		README.md = README.md
		README.original.md = README.original.md
	EndProjectSection
EndProject
Global
	GlobalSection(SolutionConfigurationPlatforms) = preSolution
		Debug|Any CPU = Debug|Any CPU
		Release|Any CPU = Release|Any CPU
	EndGlobalSection
	GlobalSection(ProjectConfigurationPlatforms) = postSolution
		{5015FCD4-4171-4BE1-82D9-8D0884A8B952}.Debug|Any CPU.ActiveCfg = Debug|Any CPU
		{5015FCD4-4171-4BE1-82D9-8D0884A8B952}.Debug|Any CPU.Build.0 = Debug|Any CPU
		{5015FCD4-4171-4BE1-82D9-8D0884A8B952}.Release|Any CPU.ActiveCfg = Release|Any CPU
		{5015FCD4-4171-4BE1-82D9-8D0884A8B952}.Release|Any CPU.Build.0 = Release|Any CPU
		{D4A62377-7297-4C51-BC2B-F12C7CA4745D}.Debug|Any CPU.ActiveCfg = Debug|Any CPU
		{D4A62377-7297-4C51-BC2B-F12C7CA4745D}.Debug|Any CPU.Build.0 = Debug|Any CPU
		{D4A62377-7297-4C51-BC2B-F12C7CA4745D}.Release|Any CPU.ActiveCfg = Release|Any CPU
		{D4A62377-7297-4C51-BC2B-F12C7CA4745D}.Release|Any CPU.Build.0 = Release|Any CPU
		{833D8FC0-BF52-477D-B44C-F6A4083AA076}.Debug|Any CPU.ActiveCfg = Debug|Any CPU
		{833D8FC0-BF52-477D-B44C-F6A4083AA076}.Debug|Any CPU.Build.0 = Debug|Any CPU
		{833D8FC0-BF52-477D-B44C-F6A4083AA076}.Release|Any CPU.ActiveCfg = Release|Any CPU
		{833D8FC0-BF52-477D-B44C-F6A4083AA076}.Release|Any CPU.Build.0 = Release|Any CPU
	EndGlobalSection
	GlobalSection(SolutionProperties) = preSolution
		HideSolutionNode = FALSE
	EndGlobalSection
	GlobalSection(NestedProjects) = preSolution
		{D4A62377-7297-4C51-BC2B-F12C7CA4745D} = {856069D5-295C-4318-BFCF-3A3B5B5114FB}
		{833D8FC0-BF52-477D-B44C-F6A4083AA076} = {856069D5-295C-4318-BFCF-3A3B5B5114FB}
	EndGlobalSection
	GlobalSection(ExtensibilityGlobals) = postSolution
		SolutionGuid = {F9342380-6063-4736-ABD5-FD066870517F}
	EndGlobalSection
EndGlobal
